
Microsoft Visual Studio Solution File, Format Version 12.00
# Visual Studio Version 16
VisualStudioVersion = 16.0.30717.126
MinimumVisualStudioVersion = 10.0.40219.1
Project("{9A19103F-16F7-4668-BE54-9A1E7A4F7556}") = "helloWord", "helloWord\helloWord.csproj", "{13D780E4-77EE-4B37-900D-74611B267FEE}"
EndProject
Project("{9A19103F-16F7-4668-BE54-9A1E7A4F7556}") = "Gestion de Stock", "Gestion de Stock\Gestion de Stock.csproj", "{A2AFF72A-426D-443C-8CC0-2BFF720AD955}"
EndProject
Project("{9A19103F-16F7-4668-BE54-9A1E7A4F7556}") = "Gestion De Comptes Bancaires", "Gestion De Comptes Bancaires\Gestion De Comptes Bancaires.csproj", "{9981427D-2644-4FBF-989A-D8E9A9BC6870}"
EndProject
Project("{FAE04EC0-301F-11D3-BF4B-00C04F79EFBC}") = "heritage", "heritage\heritage.csproj", "{A19C0A4B-B84C-4059-96AE-68AC7B1DD336}"
EndProject
Project("{FAE04EC0-301F-11D3-BF4B-00C04F79EFBC}") = "WpfApp1", "WpfApp1\WpfApp1.csproj", "{85E11D45-4837-4171-9286-FA4AE5B7AA3F}"
EndProject
Global
	GlobalSection(SolutionConfigurationPlatforms) = preSolution
		Debug|Any CPU = Debug|Any CPU
		Release|Any CPU = Release|Any CPU
	EndGlobalSection
	GlobalSection(ProjectConfigurationPlatforms) = postSolution
		{13D780E4-77EE-4B37-900D-74611B267FEE}.Debug|Any CPU.ActiveCfg = Debug|Any CPU
		{13D780E4-77EE-4B37-900D-74611B267FEE}.Debug|Any CPU.Build.0 = Debug|Any CPU
		{13D780E4-77EE-4B37-900D-74611B267FEE}.Release|Any CPU.ActiveCfg = Release|Any CPU
		{13D780E4-77EE-4B37-900D-74611B267FEE}.Release|Any CPU.Build.0 = Release|Any CPU
		{A2AFF72A-426D-443C-8CC0-2BFF720AD955}.Debug|Any CPU.ActiveCfg = Debug|Any CPU
		{A2AFF72A-426D-443C-8CC0-2BFF720AD955}.Debug|Any CPU.Build.0 = Debug|Any CPU
		{A2AFF72A-426D-443C-8CC0-2BFF720AD955}.Release|Any CPU.ActiveCfg = Release|Any CPU
		{A2AFF72A-426D-443C-8CC0-2BFF720AD955}.Release|Any CPU.Build.0 = Release|Any CPU
		{9981427D-2644-4FBF-989A-D8E9A9BC6870}.Debug|Any CPU.ActiveCfg = Debug|Any CPU
		{9981427D-2644-4FBF-989A-D8E9A9BC6870}.Debug|Any CPU.Build.0 = Debug|Any CPU
		{9981427D-2644-4FBF-989A-D8E9A9BC6870}.Release|Any CPU.ActiveCfg = Release|Any CPU
		{9981427D-2644-4FBF-989A-D8E9A9BC6870}.Release|Any CPU.Build.0 = Release|Any CPU
		{A19C0A4B-B84C-4059-96AE-68AC7B1DD336}.Debug|Any CPU.ActiveCfg = Debug|Any CPU
		{A19C0A4B-B84C-4059-96AE-68AC7B1DD336}.Debug|Any CPU.Build.0 = Debug|Any CPU
		{A19C0A4B-B84C-4059-96AE-68AC7B1DD336}.Release|Any CPU.ActiveCfg = Release|Any CPU
		{A19C0A4B-B84C-4059-96AE-68AC7B1DD336}.Release|Any CPU.Build.0 = Release|Any CPU
		{85E11D45-4837-4171-9286-FA4AE5B7AA3F}.Debug|Any CPU.ActiveCfg = Debug|Any CPU
		{85E11D45-4837-4171-9286-FA4AE5B7AA3F}.Debug|Any CPU.Build.0 = Debug|Any CPU
		{85E11D45-4837-4171-9286-FA4AE5B7AA3F}.Release|Any CPU.ActiveCfg = Release|Any CPU
		{85E11D45-4837-4171-9286-FA4AE5B7AA3F}.Release|Any CPU.Build.0 = Release|Any CPU
	EndGlobalSection
	GlobalSection(SolutionProperties) = preSolution
		HideSolutionNode = FALSE
	EndGlobalSection
	GlobalSection(ExtensibilityGlobals) = postSolution
		SolutionGuid = {9C49B29B-31B5-439C-B366-BA18F9F9C55E}
	EndGlobalSection
EndGlobal
